// !$*UTF8*$!
{
	archiveVersion = 1;
	classes = {
	};
	objectVersion = 46;
	objects = {

/* Begin PBXBuildFile section */
		93653B39E483524AD3D32C5D /* libPods.a in Frameworks */ = {isa = PBXBuildFile; fileRef = 3B5CC12085569602B474AC84 /* libPods.a */; };
		9833BB731A0610AB004E22E5 /* main.m in Sources */ = {isa = PBXBuildFile; fileRef = 9833BB721A0610AB004E22E5 /* main.m */; };
		9833BB761A0610AB004E22E5 /* AppDelegate.m in Sources */ = {isa = PBXBuildFile; fileRef = 9833BB751A0610AB004E22E5 /* AppDelegate.m */; };
		9833BB7C1A0610AB004E22E5 /* Main.storyboard in Resources */ = {isa = PBXBuildFile; fileRef = 9833BB7A1A0610AB004E22E5 /* Main.storyboard */; };
		9833BB7E1A0610AB004E22E5 /* Images.xcassets in Resources */ = {isa = PBXBuildFile; fileRef = 9833BB7D1A0610AB004E22E5 /* Images.xcassets */; };
		9833BB811A0610AB004E22E5 /* LaunchScreen.xib in Resources */ = {isa = PBXBuildFile; fileRef = 9833BB7F1A0610AB004E22E5 /* LaunchScreen.xib */; };
		9833BB8D1A0610AB004E22E5 /* Shiro_100Tests.m in Sources */ = {isa = PBXBuildFile; fileRef = 9833BB8C1A0610AB004E22E5 /* Shiro_100Tests.m */; };
		9833BBA01A0615E0004E22E5 /* MapViewController.m in Sources */ = {isa = PBXBuildFile; fileRef = 9833BB9F1A0615E0004E22E5 /* MapViewController.m */; };
		9833BBA31A061EEF004E22E5 /* RankingViewController.m in Sources */ = {isa = PBXBuildFile; fileRef = 9833BBA21A061EEF004E22E5 /* RankingViewController.m */; };
		9833BBA51A06347A004E22E5 /* MapKit.framework in Frameworks */ = {isa = PBXBuildFile; fileRef = 9833BBA41A06347A004E22E5 /* MapKit.framework */; };
		9833BBB61A067116004E22E5 /* camera59.png in Resources */ = {isa = PBXBuildFile; fileRef = 9833BBA81A067116004E22E5 /* camera59.png */; };
		9833BBB71A067116004E22E5 /* hata.png in Resources */ = {isa = PBXBuildFile; fileRef = 9833BBA91A067116004E22E5 /* hata.png */; };
		9833BBB81A067116004E22E5 /* little25_2.png in Resources */ = {isa = PBXBuildFile; fileRef = 9833BBAA1A067116004E22E5 /* little25_2.png */; };
		9833BBB91A067116004E22E5 /* machine2.png in Resources */ = {isa = PBXBuildFile; fileRef = 9833BBAB1A067116004E22E5 /* machine2.png */; };
		9833BBBA1A067116004E22E5 /* maps.png in Resources */ = {isa = PBXBuildFile; fileRef = 9833BBAC1A067116004E22E5 /* maps.png */; };
		9833BBBB1A067116004E22E5 /* movie42.png in Resources */ = {isa = PBXBuildFile; fileRef = 9833BBAD1A067116004E22E5 /* movie42.png */; };
		9833BBBC1A067116004E22E5 /* play2.png in Resources */ = {isa = PBXBuildFile; fileRef = 9833BBAE1A067116004E22E5 /* play2.png */; };
		9833BBBD1A067116004E22E5 /* Setting_40x40.png in Resources */ = {isa = PBXBuildFile; fileRef = 9833BBAF1A067116004E22E5 /* Setting_40x40.png */; };
		9833BBBE1A067116004E22E5 /* silhouette4.png in Resources */ = {isa = PBXBuildFile; fileRef = 9833BBB01A067116004E22E5 /* silhouette4.png */; };
		9833BBBF1A067116004E22E5 /* silhouette5.png in Resources */ = {isa = PBXBuildFile; fileRef = 9833BBB11A067116004E22E5 /* silhouette5.png */; };
		9833BBC01A067116004E22E5 /* Slideshow_40x40.png in Resources */ = {isa = PBXBuildFile; fileRef = 9833BBB21A067116004E22E5 /* Slideshow_40x40.png */; };
		9833BBC11A067116004E22E5 /* tokushima3.png in Resources */ = {isa = PBXBuildFile; fileRef = 9833BBB31A067116004E22E5 /* tokushima3.png */; };
		9833BBC21A067116004E22E5 /* Tokushima_40x40.png in Resources */ = {isa = PBXBuildFile; fileRef = 9833BBB41A067116004E22E5 /* Tokushima_40x40.png */; };
		9833BBC81A067735004E22E5 /* CameraViewController.m in Sources */ = {isa = PBXBuildFile; fileRef = 9833BBC71A067735004E22E5 /* CameraViewController.m */; };
		985355F51A08AF04001FB747 /* IKCell.m in Sources */ = {isa = PBXBuildFile; fileRef = 985355EC1A08AF04001FB747 /* IKCell.m */; };
		985355F61A08AF04001FB747 /* IKMediaCell.m in Sources */ = {isa = PBXBuildFile; fileRef = 985355EE1A08AF04001FB747 /* IKMediaCell.m */; };
		985355F71A08AF04001FB747 /* IKCollectionViewController.m in Sources */ = {isa = PBXBuildFile; fileRef = 985355F01A08AF04001FB747 /* IKCollectionViewController.m */; };
		985355F81A08AF04001FB747 /* IKLoginViewController.m in Sources */ = {isa = PBXBuildFile; fileRef = 985355F21A08AF04001FB747 /* IKLoginViewController.m */; };
		985355F91A08AF04001FB747 /* IKMediaViewController.m in Sources */ = {isa = PBXBuildFile; fileRef = 985355F41A08AF04001FB747 /* IKMediaViewController.m */; };
		985355FC1A08C62C001FB747 /* Japanese_40x40.png in Resources */ = {isa = PBXBuildFile; fileRef = 985355FB1A08C62C001FB747 /* Japanese_40x40.png */; };
		985356001A08C777001FB747 /* Japanese_color.png in Resources */ = {isa = PBXBuildFile; fileRef = 985355FF1A08C776001FB747 /* Japanese_color.png */; };
		985356041A08F95F001FB747 /* JapanViewController.m in Sources */ = {isa = PBXBuildFile; fileRef = 985356031A08F95F001FB747 /* JapanViewController.m */; };
		9853560B1A09EB36001FB747 /* Yajiri_40x40.png in Resources */ = {isa = PBXBuildFile; fileRef = 9853560A1A09EB36001FB747 /* Yajiri_40x40.png */; };
		9853560D1A0A06BD001FB747 /* Yajiri_80x80.png in Resources */ = {isa = PBXBuildFile; fileRef = 9853560C1A0A06BD001FB747 /* Yajiri_80x80.png */; };
		985356101A0A674E001FB747 /* Mikata_142x127.png in Resources */ = {isa = PBXBuildFile; fileRef = 9853560E1A0A674E001FB747 /* Mikata_142x127.png */; };
		985356111A0A674E001FB747 /* Teki_142x127.png in Resources */ = {isa = PBXBuildFile; fileRef = 9853560F1A0A674E001FB747 /* Teki_142x127.png */; };
		985356141A0A6D3C001FB747 /* Japanese_80x80.png in Resources */ = {isa = PBXBuildFile; fileRef = 985356121A0A6D3C001FB747 /* Japanese_80x80.png */; };
		985356151A0A6D3C001FB747 /* Japanese_160x160.png in Resources */ = {isa = PBXBuildFile; fileRef = 985356131A0A6D3C001FB747 /* Japanese_160x160.png */; };
		985356171A0A6E74001FB747 /* Yajiri_160x160.png in Resources */ = {isa = PBXBuildFile; fileRef = 985356161A0A6E74001FB747 /* Yajiri_160x160.png */; };
		985356191A0C8BC7001FB747 /* Sikan_200x150.png in Resources */ = {isa = PBXBuildFile; fileRef = 985356181A0C8BC7001FB747 /* Sikan_200x150.png */; };
		9853561D1A0C8FC2001FB747 /* Sikan_150x120.png in Resources */ = {isa = PBXBuildFile; fileRef = 9853561C1A0C8FC2001FB747 /* Sikan_150x120.png */; };
		9853561F1A0C99DC001FB747 /* Button_Camera_100x50.png in Resources */ = {isa = PBXBuildFile; fileRef = 9853561E1A0C99DC001FB747 /* Button_Camera_100x50.png */; };
		985356211A0C9B87001FB747 /* Button_Album_100x50.png in Resources */ = {isa = PBXBuildFile; fileRef = 985356201A0C9B87001FB747 /* Button_Album_100x50.png */; };
		985356231A0CA34E001FB747 /* Button_Modoru_100x50.png in Resources */ = {isa = PBXBuildFile; fileRef = 985356221A0CA34E001FB747 /* Button_Modoru_100x50.png */; };
		985356251A0CF30C001FB747 /* Shiro_100_問題.rtf in Resources */ = {isa = PBXBuildFile; fileRef = 985356241A0CF30C001FB747 /* Shiro_100_問題.rtf */; };
		985356291A0CF9B0001FB747 /* Shiro_100_Framework.rtf in Resources */ = {isa = PBXBuildFile; fileRef = 985356281A0CF9B0001FB747 /* Shiro_100_Framework.rtf */; };
		9853562C1A0D2491001FB747 /* Camera2ViewController.m in Sources */ = {isa = PBXBuildFile; fileRef = 9853562B1A0D2491001FB747 /* Camera2ViewController.m */; };
		9853562F1A0D2D0A001FB747 /* CustomCamera.m in Sources */ = {isa = PBXBuildFile; fileRef = 9853562E1A0D2D0A001FB747 /* CustomCamera.m */; };
/* End PBXBuildFile section */

/* Begin PBXContainerItemProxy section */
		9833BB871A0610AB004E22E5 /* PBXContainerItemProxy */ = {
			isa = PBXContainerItemProxy;
			containerPortal = 9833BB651A0610AA004E22E5 /* Project object */;
			proxyType = 1;
			remoteGlobalIDString = 9833BB6C1A0610AA004E22E5;
			remoteInfo = Shiro_100;
		};
/* End PBXContainerItemProxy section */

/* Begin PBXFileReference section */
		3B5CC12085569602B474AC84 /* libPods.a */ = {isa = PBXFileReference; explicitFileType = archive.ar; includeInIndex = 0; path = libPods.a; sourceTree = BUILT_PRODUCTS_DIR; };
		586B6E03A1483F0B6A558EB2 /* Pods.release.xcconfig */ = {isa = PBXFileReference; includeInIndex = 1; lastKnownFileType = text.xcconfig; name = Pods.release.xcconfig; path = "Pods/Target Support Files/Pods/Pods.release.xcconfig"; sourceTree = "<group>"; };
		9833BB6D1A0610AA004E22E5 /* Shiro_100.app */ = {isa = PBXFileReference; explicitFileType = wrapper.application; includeInIndex = 0; path = Shiro_100.app; sourceTree = BUILT_PRODUCTS_DIR; };
		9833BB711A0610AA004E22E5 /* Info.plist */ = {isa = PBXFileReference; lastKnownFileType = text.plist.xml; path = Info.plist; sourceTree = "<group>"; };
		9833BB721A0610AB004E22E5 /* main.m */ = {isa = PBXFileReference; lastKnownFileType = sourcecode.c.objc; path = main.m; sourceTree = "<group>"; };
		9833BB741A0610AB004E22E5 /* AppDelegate.h */ = {isa = PBXFileReference; lastKnownFileType = sourcecode.c.h; path = AppDelegate.h; sourceTree = "<group>"; };
		9833BB751A0610AB004E22E5 /* AppDelegate.m */ = {isa = PBXFileReference; lastKnownFileType = sourcecode.c.objc; path = AppDelegate.m; sourceTree = "<group>"; };
		9833BB7B1A0610AB004E22E5 /* Base */ = {isa = PBXFileReference; lastKnownFileType = file.storyboard; name = Base; path = Base.lproj/Main.storyboard; sourceTree = "<group>"; };
		9833BB7D1A0610AB004E22E5 /* Images.xcassets */ = {isa = PBXFileReference; lastKnownFileType = folder.assetcatalog; path = Images.xcassets; sourceTree = "<group>"; };
		9833BB801A0610AB004E22E5 /* Base */ = {isa = PBXFileReference; lastKnownFileType = file.xib; name = Base; path = Base.lproj/LaunchScreen.xib; sourceTree = "<group>"; };
		9833BB861A0610AB004E22E5 /* Shiro_100Tests.xctest */ = {isa = PBXFileReference; explicitFileType = wrapper.cfbundle; includeInIndex = 0; path = Shiro_100Tests.xctest; sourceTree = BUILT_PRODUCTS_DIR; };
		9833BB8B1A0610AB004E22E5 /* Info.plist */ = {isa = PBXFileReference; lastKnownFileType = text.plist.xml; path = Info.plist; sourceTree = "<group>"; };
		9833BB8C1A0610AB004E22E5 /* Shiro_100Tests.m */ = {isa = PBXFileReference; lastKnownFileType = sourcecode.c.objc; path = Shiro_100Tests.m; sourceTree = "<group>"; };
		9833BB9E1A0615E0004E22E5 /* MapViewController.h */ = {isa = PBXFileReference; fileEncoding = 4; lastKnownFileType = sourcecode.c.h; path = MapViewController.h; sourceTree = "<group>"; };
		9833BB9F1A0615E0004E22E5 /* MapViewController.m */ = {isa = PBXFileReference; fileEncoding = 4; lastKnownFileType = sourcecode.c.objc; path = MapViewController.m; sourceTree = "<group>"; };
		9833BBA11A061EEF004E22E5 /* RankingViewController.h */ = {isa = PBXFileReference; fileEncoding = 4; lastKnownFileType = sourcecode.c.h; path = RankingViewController.h; sourceTree = "<group>"; };
		9833BBA21A061EEF004E22E5 /* RankingViewController.m */ = {isa = PBXFileReference; fileEncoding = 4; lastKnownFileType = sourcecode.c.objc; path = RankingViewController.m; sourceTree = "<group>"; };
		9833BBA41A06347A004E22E5 /* MapKit.framework */ = {isa = PBXFileReference; lastKnownFileType = wrapper.framework; name = MapKit.framework; path = System/Library/Frameworks/MapKit.framework; sourceTree = SDKROOT; };
		9833BBA81A067116004E22E5 /* camera59.png */ = {isa = PBXFileReference; lastKnownFileType = image.png; path = camera59.png; sourceTree = "<group>"; };
		9833BBA91A067116004E22E5 /* hata.png */ = {isa = PBXFileReference; lastKnownFileType = image.png; path = hata.png; sourceTree = "<group>"; };
		9833BBAA1A067116004E22E5 /* little25_2.png */ = {isa = PBXFileReference; lastKnownFileType = image.png; path = little25_2.png; sourceTree = "<group>"; };
		9833BBAB1A067116004E22E5 /* machine2.png */ = {isa = PBXFileReference; lastKnownFileType = image.png; path = machine2.png; sourceTree = "<group>"; };
		9833BBAC1A067116004E22E5 /* maps.png */ = {isa = PBXFileReference; lastKnownFileType = image.png; path = maps.png; sourceTree = "<group>"; };
		9833BBAD1A067116004E22E5 /* movie42.png */ = {isa = PBXFileReference; lastKnownFileType = image.png; path = movie42.png; sourceTree = "<group>"; };
		9833BBAE1A067116004E22E5 /* play2.png */ = {isa = PBXFileReference; lastKnownFileType = image.png; path = play2.png; sourceTree = "<group>"; };
		9833BBAF1A067116004E22E5 /* Setting_40x40.png */ = {isa = PBXFileReference; lastKnownFileType = image.png; path = Setting_40x40.png; sourceTree = "<group>"; };
		9833BBB01A067116004E22E5 /* silhouette4.png */ = {isa = PBXFileReference; lastKnownFileType = image.png; path = silhouette4.png; sourceTree = "<group>"; };
		9833BBB11A067116004E22E5 /* silhouette5.png */ = {isa = PBXFileReference; lastKnownFileType = image.png; path = silhouette5.png; sourceTree = "<group>"; };
		9833BBB21A067116004E22E5 /* Slideshow_40x40.png */ = {isa = PBXFileReference; lastKnownFileType = image.png; path = Slideshow_40x40.png; sourceTree = "<group>"; };
		9833BBB31A067116004E22E5 /* tokushima3.png */ = {isa = PBXFileReference; lastKnownFileType = image.png; path = tokushima3.png; sourceTree = "<group>"; };
		9833BBB41A067116004E22E5 /* Tokushima_40x40.png */ = {isa = PBXFileReference; lastKnownFileType = image.png; path = Tokushima_40x40.png; sourceTree = "<group>"; };
		9833BBC61A067735004E22E5 /* CameraViewController.h */ = {isa = PBXFileReference; fileEncoding = 4; lastKnownFileType = sourcecode.c.h; path = CameraViewController.h; sourceTree = "<group>"; };
		9833BBC71A067735004E22E5 /* CameraViewController.m */ = {isa = PBXFileReference; fileEncoding = 4; lastKnownFileType = sourcecode.c.objc; path = CameraViewController.m; sourceTree = "<group>"; };
		985355EB1A08AF04001FB747 /* IKCell.h */ = {isa = PBXFileReference; fileEncoding = 4; lastKnownFileType = sourcecode.c.h; path = IKCell.h; sourceTree = "<group>"; };
		985355EC1A08AF04001FB747 /* IKCell.m */ = {isa = PBXFileReference; fileEncoding = 4; lastKnownFileType = sourcecode.c.objc; path = IKCell.m; sourceTree = "<group>"; };
		985355ED1A08AF04001FB747 /* IKMediaCell.h */ = {isa = PBXFileReference; fileEncoding = 4; lastKnownFileType = sourcecode.c.h; path = IKMediaCell.h; sourceTree = "<group>"; };
		985355EE1A08AF04001FB747 /* IKMediaCell.m */ = {isa = PBXFileReference; fileEncoding = 4; lastKnownFileType = sourcecode.c.objc; path = IKMediaCell.m; sourceTree = "<group>"; };
		985355EF1A08AF04001FB747 /* IKCollectionViewController.h */ = {isa = PBXFileReference; fileEncoding = 4; lastKnownFileType = sourcecode.c.h; path = IKCollectionViewController.h; sourceTree = "<group>"; };
		985355F01A08AF04001FB747 /* IKCollectionViewController.m */ = {isa = PBXFileReference; fileEncoding = 4; lastKnownFileType = sourcecode.c.objc; path = IKCollectionViewController.m; sourceTree = "<group>"; };
		985355F11A08AF04001FB747 /* IKLoginViewController.h */ = {isa = PBXFileReference; fileEncoding = 4; lastKnownFileType = sourcecode.c.h; path = IKLoginViewController.h; sourceTree = "<group>"; };
		985355F21A08AF04001FB747 /* IKLoginViewController.m */ = {isa = PBXFileReference; fileEncoding = 4; lastKnownFileType = sourcecode.c.objc; path = IKLoginViewController.m; sourceTree = "<group>"; };
		985355F31A08AF04001FB747 /* IKMediaViewController.h */ = {isa = PBXFileReference; fileEncoding = 4; lastKnownFileType = sourcecode.c.h; path = IKMediaViewController.h; sourceTree = "<group>"; };
		985355F41A08AF04001FB747 /* IKMediaViewController.m */ = {isa = PBXFileReference; fileEncoding = 4; lastKnownFileType = sourcecode.c.objc; path = IKMediaViewController.m; sourceTree = "<group>"; };
		985355FB1A08C62C001FB747 /* Japanese_40x40.png */ = {isa = PBXFileReference; lastKnownFileType = image.png; path = Japanese_40x40.png; sourceTree = "<group>"; };
		985355FF1A08C776001FB747 /* Japanese_color.png */ = {isa = PBXFileReference; lastKnownFileType = image.png; path = Japanese_color.png; sourceTree = "<group>"; };
		985356021A08F95F001FB747 /* JapanViewController.h */ = {isa = PBXFileReference; fileEncoding = 4; lastKnownFileType = sourcecode.c.h; path = JapanViewController.h; sourceTree = "<group>"; };
		985356031A08F95F001FB747 /* JapanViewController.m */ = {isa = PBXFileReference; fileEncoding = 4; lastKnownFileType = sourcecode.c.objc; path = JapanViewController.m; sourceTree = "<group>"; };
		9853560A1A09EB36001FB747 /* Yajiri_40x40.png */ = {isa = PBXFileReference; lastKnownFileType = image.png; path = Yajiri_40x40.png; sourceTree = "<group>"; };
		9853560C1A0A06BD001FB747 /* Yajiri_80x80.png */ = {isa = PBXFileReference; lastKnownFileType = image.png; path = Yajiri_80x80.png; sourceTree = "<group>"; };
		9853560E1A0A674E001FB747 /* Mikata_142x127.png */ = {isa = PBXFileReference; lastKnownFileType = image.png; path = Mikata_142x127.png; sourceTree = "<group>"; };
		9853560F1A0A674E001FB747 /* Teki_142x127.png */ = {isa = PBXFileReference; lastKnownFileType = image.png; path = Teki_142x127.png; sourceTree = "<group>"; };
		985356121A0A6D3C001FB747 /* Japanese_80x80.png */ = {isa = PBXFileReference; lastKnownFileType = image.png; path = Japanese_80x80.png; sourceTree = "<group>"; };
		985356131A0A6D3C001FB747 /* Japanese_160x160.png */ = {isa = PBXFileReference; lastKnownFileType = image.png; path = Japanese_160x160.png; sourceTree = "<group>"; };
		985356161A0A6E74001FB747 /* Yajiri_160x160.png */ = {isa = PBXFileReference; lastKnownFileType = image.png; path = Yajiri_160x160.png; sourceTree = "<group>"; };
		985356181A0C8BC7001FB747 /* Sikan_200x150.png */ = {isa = PBXFileReference; lastKnownFileType = image.png; path = Sikan_200x150.png; sourceTree = "<group>"; };
		9853561C1A0C8FC2001FB747 /* Sikan_150x120.png */ = {isa = PBXFileReference; lastKnownFileType = image.png; path = Sikan_150x120.png; sourceTree = "<group>"; };
		9853561E1A0C99DC001FB747 /* Button_Camera_100x50.png */ = {isa = PBXFileReference; lastKnownFileType = image.png; path = Button_Camera_100x50.png; sourceTree = "<group>"; };
		985356201A0C9B87001FB747 /* Button_Album_100x50.png */ = {isa = PBXFileReference; lastKnownFileType = image.png; path = Button_Album_100x50.png; sourceTree = "<group>"; };
		985356221A0CA34E001FB747 /* Button_Modoru_100x50.png */ = {isa = PBXFileReference; lastKnownFileType = image.png; path = Button_Modoru_100x50.png; sourceTree = "<group>"; };
		985356241A0CF30C001FB747 /* Shiro_100_問題.rtf */ = {isa = PBXFileReference; fileEncoding = 4; lastKnownFileType = text.rtf; path = "Shiro_100_問題.rtf"; sourceTree = "<group>"; };
		985356281A0CF9B0001FB747 /* Shiro_100_Framework.rtf */ = {isa = PBXFileReference; fileEncoding = 4; lastKnownFileType = text.rtf; path = Shiro_100_Framework.rtf; sourceTree = "<group>"; };
		9853562A1A0D2491001FB747 /* Camera2ViewController.h */ = {isa = PBXFileReference; fileEncoding = 4; lastKnownFileType = sourcecode.c.h; path = Camera2ViewController.h; sourceTree = "<group>"; };
		9853562B1A0D2491001FB747 /* Camera2ViewController.m */ = {isa = PBXFileReference; fileEncoding = 4; lastKnownFileType = sourcecode.c.objc; path = Camera2ViewController.m; sourceTree = "<group>"; };
		9853562D1A0D2D0A001FB747 /* CustomCamera.h */ = {isa = PBXFileReference; fileEncoding = 4; lastKnownFileType = sourcecode.c.h; path = CustomCamera.h; sourceTree = "<group>"; };
		9853562E1A0D2D0A001FB747 /* CustomCamera.m */ = {isa = PBXFileReference; fileEncoding = 4; lastKnownFileType = sourcecode.c.objc; path = CustomCamera.m; sourceTree = "<group>"; };
		F6E93AB31ED05D206F808B79 /* Pods.debug.xcconfig */ = {isa = PBXFileReference; includeInIndex = 1; lastKnownFileType = text.xcconfig; name = Pods.debug.xcconfig; path = "Pods/Target Support Files/Pods/Pods.debug.xcconfig"; sourceTree = "<group>"; };
/* End PBXFileReference section */

/* Begin PBXFrameworksBuildPhase section */
		9833BB6A1A0610AA004E22E5 /* Frameworks */ = {
			isa = PBXFrameworksBuildPhase;
			buildActionMask = 2147483647;
			files = (
				9833BBA51A06347A004E22E5 /* MapKit.framework in Frameworks */,
				93653B39E483524AD3D32C5D /* libPods.a in Frameworks */,
			);
			runOnlyForDeploymentPostprocessing = 0;
		};
		9833BB831A0610AB004E22E5 /* Frameworks */ = {
			isa = PBXFrameworksBuildPhase;
			buildActionMask = 2147483647;
			files = (
			);
			runOnlyForDeploymentPostprocessing = 0;
		};
/* End PBXFrameworksBuildPhase section */

/* Begin PBXGroup section */
		24ED7D584216B7549C3E5692 /* Pods */ = {
			isa = PBXGroup;
			children = (
				F6E93AB31ED05D206F808B79 /* Pods.debug.xcconfig */,
				586B6E03A1483F0B6A558EB2 /* Pods.release.xcconfig */,
			);
			name = Pods;
			sourceTree = "<group>";
		};
		9833BB641A0610AA004E22E5 = {
			isa = PBXGroup;
			children = (
				9833BBA41A06347A004E22E5 /* MapKit.framework */,
				9833BB6F1A0610AA004E22E5 /* Shiro_100 */,
				985356241A0CF30C001FB747 /* Shiro_100_問題.rtf */,
				985356281A0CF9B0001FB747 /* Shiro_100_Framework.rtf */,
				9833BB891A0610AB004E22E5 /* Shiro_100Tests */,
				9833BB6E1A0610AA004E22E5 /* Products */,
				24ED7D584216B7549C3E5692 /* Pods */,
				FC213F80A1D4C2AAAC5AFD3E /* Frameworks */,
			);
			sourceTree = "<group>";
		};
		9833BB6E1A0610AA004E22E5 /* Products */ = {
			isa = PBXGroup;
			children = (
				9833BB6D1A0610AA004E22E5 /* Shiro_100.app */,
				9833BB861A0610AB004E22E5 /* Shiro_100Tests.xctest */,
			);
			name = Products;
			sourceTree = "<group>";
		};
		9833BB6F1A0610AA004E22E5 /* Shiro_100 */ = {
			isa = PBXGroup;
			children = (
				9833BB7F1A0610AB004E22E5 /* LaunchScreen.xib */,
				9833BB7A1A0610AB004E22E5 /* Main.storyboard */,
				9833BB741A0610AB004E22E5 /* AppDelegate.h */,
				9833BB751A0610AB004E22E5 /* AppDelegate.m */,
				985356011A08C827001FB747 /* Japan */,
				985356071A09E097001FB747 /* Map */,
				985356081A09E0A5001FB747 /* Ranking */,
				985356091A09E0B7001FB747 /* VS */,
				985355E91A08AF04001FB747 /* View */,
				9833BB7D1A0610AB004E22E5 /* Images.xcassets */,
				9833BBA61A067116004E22E5 /* Images */,
				9833BB701A0610AA004E22E5 /* Supporting Files */,
			);
			path = Shiro_100;
			sourceTree = "<group>";
		};
		9833BB701A0610AA004E22E5 /* Supporting Files */ = {
			isa = PBXGroup;
			children = (
				9833BB711A0610AA004E22E5 /* Info.plist */,
				9833BB721A0610AB004E22E5 /* main.m */,
			);
			name = "Supporting Files";
			sourceTree = "<group>";
		};
		9833BB891A0610AB004E22E5 /* Shiro_100Tests */ = {
			isa = PBXGroup;
			children = (
				9833BB8C1A0610AB004E22E5 /* Shiro_100Tests.m */,
				9833BB8A1A0610AB004E22E5 /* Supporting Files */,
			);
			path = Shiro_100Tests;
			sourceTree = "<group>";
		};
		9833BB8A1A0610AB004E22E5 /* Supporting Files */ = {
			isa = PBXGroup;
			children = (
				9833BB8B1A0610AB004E22E5 /* Info.plist */,
			);
			name = "Supporting Files";
			sourceTree = "<group>";
		};
		9833BBA61A067116004E22E5 /* Images */ = {
			isa = PBXGroup;
			children = (
				985356221A0CA34E001FB747 /* Button_Modoru_100x50.png */,
				985356201A0C9B87001FB747 /* Button_Album_100x50.png */,
				9853561E1A0C99DC001FB747 /* Button_Camera_100x50.png */,
				9853561C1A0C8FC2001FB747 /* Sikan_150x120.png */,
				985356181A0C8BC7001FB747 /* Sikan_200x150.png */,
				9853560E1A0A674E001FB747 /* Mikata_142x127.png */,
				9853560F1A0A674E001FB747 /* Teki_142x127.png */,
				9853560A1A09EB36001FB747 /* Yajiri_40x40.png */,
				9853560C1A0A06BD001FB747 /* Yajiri_80x80.png */,
				985356161A0A6E74001FB747 /* Yajiri_160x160.png */,
				985355FF1A08C776001FB747 /* Japanese_color.png */,
				985355FB1A08C62C001FB747 /* Japanese_40x40.png */,
				985356121A0A6D3C001FB747 /* Japanese_80x80.png */,
				985356131A0A6D3C001FB747 /* Japanese_160x160.png */,
				9833BBA81A067116004E22E5 /* camera59.png */,
				9833BBA91A067116004E22E5 /* hata.png */,
				9833BBAA1A067116004E22E5 /* little25_2.png */,
				9833BBAB1A067116004E22E5 /* machine2.png */,
				9833BBAC1A067116004E22E5 /* maps.png */,
				9833BBAD1A067116004E22E5 /* movie42.png */,
				9833BBAE1A067116004E22E5 /* play2.png */,
				9833BBAF1A067116004E22E5 /* Setting_40x40.png */,
				9833BBB01A067116004E22E5 /* silhouette4.png */,
				9833BBB11A067116004E22E5 /* silhouette5.png */,
				9833BBB21A067116004E22E5 /* Slideshow_40x40.png */,
				9833BBB31A067116004E22E5 /* tokushima3.png */,
				9833BBB41A067116004E22E5 /* Tokushima_40x40.png */,
			);
			path = Images;
			sourceTree = "<group>";
		};
		985355E91A08AF04001FB747 /* View */ = {
			isa = PBXGroup;
			children = (
				985355EA1A08AF04001FB747 /* CollectionView Cells */,
				985355EF1A08AF04001FB747 /* IKCollectionViewController.h */,
				985355F01A08AF04001FB747 /* IKCollectionViewController.m */,
				985355F11A08AF04001FB747 /* IKLoginViewController.h */,
				985355F21A08AF04001FB747 /* IKLoginViewController.m */,
				985355F31A08AF04001FB747 /* IKMediaViewController.h */,
				985355F41A08AF04001FB747 /* IKMediaViewController.m */,
			);
			path = View;
			sourceTree = "<group>";
		};
		985355EA1A08AF04001FB747 /* CollectionView Cells */ = {
			isa = PBXGroup;
			children = (
				985355EB1A08AF04001FB747 /* IKCell.h */,
				985355EC1A08AF04001FB747 /* IKCell.m */,
				985355ED1A08AF04001FB747 /* IKMediaCell.h */,
				985355EE1A08AF04001FB747 /* IKMediaCell.m */,
			);
			path = "CollectionView Cells";
			sourceTree = "<group>";
		};
		985356011A08C827001FB747 /* Japan */ = {
			isa = PBXGroup;
			children = (
				985356021A08F95F001FB747 /* JapanViewController.h */,
				985356031A08F95F001FB747 /* JapanViewController.m */,
			);
			name = Japan;
			sourceTree = "<group>";
		};
		985356071A09E097001FB747 /* Map */ = {
			isa = PBXGroup;
			children = (
				9833BB9E1A0615E0004E22E5 /* MapViewController.h */,
				9833BB9F1A0615E0004E22E5 /* MapViewController.m */,
				9833BBC61A067735004E22E5 /* CameraViewController.h */,
				9833BBC71A067735004E22E5 /* CameraViewController.m */,
				9853562A1A0D2491001FB747 /* Camera2ViewController.h */,
				9853562B1A0D2491001FB747 /* Camera2ViewController.m */,
				9853562D1A0D2D0A001FB747 /* CustomCamera.h */,
				9853562E1A0D2D0A001FB747 /* CustomCamera.m */,
			);
			name = Map;
			sourceTree = "<group>";
		};
		985356081A09E0A5001FB747 /* Ranking */ = {
			isa = PBXGroup;
			children = (
				9833BBA11A061EEF004E22E5 /* RankingViewController.h */,
				9833BBA21A061EEF004E22E5 /* RankingViewController.m */,
			);
			name = Ranking;
			sourceTree = "<group>";
		};
		985356091A09E0B7001FB747 /* VS */ = {
			isa = PBXGroup;
			children = (
			);
			name = VS;
			sourceTree = "<group>";
		};
		FC213F80A1D4C2AAAC5AFD3E /* Frameworks */ = {
			isa = PBXGroup;
			children = (
				3B5CC12085569602B474AC84 /* libPods.a */,
			);
			name = Frameworks;
			sourceTree = "<group>";
		};
/* End PBXGroup section */

/* Begin PBXNativeTarget section */
		9833BB6C1A0610AA004E22E5 /* Shiro_100 */ = {
			isa = PBXNativeTarget;
			buildConfigurationList = 9833BB901A0610AB004E22E5 /* Build configuration list for PBXNativeTarget "Shiro_100" */;
			buildPhases = (
				EA856BF74C32F89F92ACE999 /* Check Pods Manifest.lock */,
				9833BB691A0610AA004E22E5 /* Sources */,
				9833BB6A1A0610AA004E22E5 /* Frameworks */,
				9833BB6B1A0610AA004E22E5 /* Resources */,
				A997DC4B5A5EDA726A109047 /* Copy Pods Resources */,
			);
			buildRules = (
			);
			dependencies = (
			);
			name = Shiro_100;
			productName = Shiro_100;
			productReference = 9833BB6D1A0610AA004E22E5 /* Shiro_100.app */;
			productType = "com.apple.product-type.application";
		};
		9833BB851A0610AB004E22E5 /* Shiro_100Tests */ = {
			isa = PBXNativeTarget;
			buildConfigurationList = 9833BB931A0610AB004E22E5 /* Build configuration list for PBXNativeTarget "Shiro_100Tests" */;
			buildPhases = (
				9833BB821A0610AB004E22E5 /* Sources */,
				9833BB831A0610AB004E22E5 /* Frameworks */,
				9833BB841A0610AB004E22E5 /* Resources */,
			);
			buildRules = (
			);
			dependencies = (
				9833BB881A0610AB004E22E5 /* PBXTargetDependency */,
			);
			name = Shiro_100Tests;
			productName = Shiro_100Tests;
			productReference = 9833BB861A0610AB004E22E5 /* Shiro_100Tests.xctest */;
			productType = "com.apple.product-type.bundle.unit-test";
		};
/* End PBXNativeTarget section */

/* Begin PBXProject section */
		9833BB651A0610AA004E22E5 /* Project object */ = {
			isa = PBXProject;
			attributes = {
				LastUpgradeCheck = 0610;
				ORGANIZATIONNAME = "寺内 信夫";
				TargetAttributes = {
					9833BB6C1A0610AA004E22E5 = {
						CreatedOnToolsVersion = 6.1;
					};
					9833BB851A0610AB004E22E5 = {
						CreatedOnToolsVersion = 6.1;
						TestTargetID = 9833BB6C1A0610AA004E22E5;
					};
				};
			};
			buildConfigurationList = 9833BB681A0610AA004E22E5 /* Build configuration list for PBXProject "Shiro_100" */;
			compatibilityVersion = "Xcode 3.2";
			developmentRegion = English;
			hasScannedForEncodings = 0;
			knownRegions = (
				en,
				Base,
			);
			mainGroup = 9833BB641A0610AA004E22E5;
			productRefGroup = 9833BB6E1A0610AA004E22E5 /* Products */;
			projectDirPath = "";
			projectRoot = "";
			targets = (
				9833BB6C1A0610AA004E22E5 /* Shiro_100 */,
				9833BB851A0610AB004E22E5 /* Shiro_100Tests */,
			);
		};
/* End PBXProject section */

/* Begin PBXResourcesBuildPhase section */
		9833BB6B1A0610AA004E22E5 /* Resources */ = {
			isa = PBXResourcesBuildPhase;
			buildActionMask = 2147483647;
			files = (
				9833BBBE1A067116004E22E5 /* silhouette4.png in Resources */,
				9833BBBB1A067116004E22E5 /* movie42.png in Resources */,
				9853560B1A09EB36001FB747 /* Yajiri_40x40.png in Resources */,
				985356231A0CA34E001FB747 /* Button_Modoru_100x50.png in Resources */,
				9833BBBD1A067116004E22E5 /* Setting_40x40.png in Resources */,
				9833BBB61A067116004E22E5 /* camera59.png in Resources */,
				9833BBBA1A067116004E22E5 /* maps.png in Resources */,
				985356151A0A6D3C001FB747 /* Japanese_160x160.png in Resources */,
				985356171A0A6E74001FB747 /* Yajiri_160x160.png in Resources */,
				9833BBBC1A067116004E22E5 /* play2.png in Resources */,
				985356111A0A674E001FB747 /* Teki_142x127.png in Resources */,
				985356211A0C9B87001FB747 /* Button_Album_100x50.png in Resources */,
				9833BB7C1A0610AB004E22E5 /* Main.storyboard in Resources */,
				9833BBB81A067116004E22E5 /* little25_2.png in Resources */,
				985356141A0A6D3C001FB747 /* Japanese_80x80.png in Resources */,
				985356101A0A674E001FB747 /* Mikata_142x127.png in Resources */,
				9833BBC11A067116004E22E5 /* tokushima3.png in Resources */,
				9853561D1A0C8FC2001FB747 /* Sikan_150x120.png in Resources */,
				985356251A0CF30C001FB747 /* Shiro_100_問題.rtf in Resources */,
				985356291A0CF9B0001FB747 /* Shiro_100_Framework.rtf in Resources */,
				9833BBC01A067116004E22E5 /* Slideshow_40x40.png in Resources */,
				9853561F1A0C99DC001FB747 /* Button_Camera_100x50.png in Resources */,
				9833BBBF1A067116004E22E5 /* silhouette5.png in Resources */,
				9833BB811A0610AB004E22E5 /* LaunchScreen.xib in Resources */,
				9833BB7E1A0610AB004E22E5 /* Images.xcassets in Resources */,
				985356191A0C8BC7001FB747 /* Sikan_200x150.png in Resources */,
				9833BBC21A067116004E22E5 /* Tokushima_40x40.png in Resources */,
				985355FC1A08C62C001FB747 /* Japanese_40x40.png in Resources */,
				9833BBB91A067116004E22E5 /* machine2.png in Resources */,
				985356001A08C777001FB747 /* Japanese_color.png in Resources */,
				9853560D1A0A06BD001FB747 /* Yajiri_80x80.png in Resources */,
				9833BBB71A067116004E22E5 /* hata.png in Resources */,
			);
			runOnlyForDeploymentPostprocessing = 0;
		};
		9833BB841A0610AB004E22E5 /* Resources */ = {
			isa = PBXResourcesBuildPhase;
			buildActionMask = 2147483647;
			files = (
			);
			runOnlyForDeploymentPostprocessing = 0;
		};
/* End PBXResourcesBuildPhase section */

/* Begin PBXShellScriptBuildPhase section */
		A997DC4B5A5EDA726A109047 /* Copy Pods Resources */ = {
			isa = PBXShellScriptBuildPhase;
			buildActionMask = 2147483647;
			files = (
			);
			inputPaths = (
			);
			name = "Copy Pods Resources";
			outputPaths = (
			);
			runOnlyForDeploymentPostprocessing = 0;
			shellPath = /bin/sh;
			shellScript = "\"${SRCROOT}/Pods/Target Support Files/Pods/Pods-resources.sh\"\n";
			showEnvVarsInLog = 0;
		};
		EA856BF74C32F89F92ACE999 /* Check Pods Manifest.lock */ = {
			isa = PBXShellScriptBuildPhase;
			buildActionMask = 2147483647;
			files = (
			);
			inputPaths = (
			);
			name = "Check Pods Manifest.lock";
			outputPaths = (
			);
			runOnlyForDeploymentPostprocessing = 0;
			shellPath = /bin/sh;
			shellScript = "diff \"${PODS_ROOT}/../Podfile.lock\" \"${PODS_ROOT}/Manifest.lock\" > /dev/null\nif [[ $? != 0 ]] ; then\n    cat << EOM\nerror: The sandbox is not in sync with the Podfile.lock. Run 'pod install' or update your CocoaPods installation.\nEOM\n    exit 1\nfi\n";
			showEnvVarsInLog = 0;
		};
/* End PBXShellScriptBuildPhase section */

/* Begin PBXSourcesBuildPhase section */
		9833BB691A0610AA004E22E5 /* Sources */ = {
			isa = PBXSourcesBuildPhase;
			buildActionMask = 2147483647;
			files = (
				9853562C1A0D2491001FB747 /* Camera2ViewController.m in Sources */,
				9853562F1A0D2D0A001FB747 /* CustomCamera.m in Sources */,
				9833BB761A0610AB004E22E5 /* AppDelegate.m in Sources */,
				9833BB731A0610AB004E22E5 /* main.m in Sources */,
				9833BBA01A0615E0004E22E5 /* MapViewController.m in Sources */,
				985356041A08F95F001FB747 /* JapanViewController.m in Sources */,
				9833BBA31A061EEF004E22E5 /* RankingViewController.m in Sources */,
				9833BBC81A067735004E22E5 /* CameraViewController.m in Sources */,
				985355F91A08AF04001FB747 /* IKMediaViewController.m in Sources */,
				985355F61A08AF04001FB747 /* IKMediaCell.m in Sources */,
				985355F71A08AF04001FB747 /* IKCollectionViewController.m in Sources */,
				985355F81A08AF04001FB747 /* IKLoginViewController.m in Sources */,
				985355F51A08AF04001FB747 /* IKCell.m in Sources */,
			);
			runOnlyForDeploymentPostprocessing = 0;
		};
		9833BB821A0610AB004E22E5 /* Sources */ = {
			isa = PBXSourcesBuildPhase;
			buildActionMask = 2147483647;
			files = (
				9833BB8D1A0610AB004E22E5 /* Shiro_100Tests.m in Sources */,
			);
			runOnlyForDeploymentPostprocessing = 0;
		};
/* End PBXSourcesBuildPhase section */

/* Begin PBXTargetDependency section */
		9833BB881A0610AB004E22E5 /* PBXTargetDependency */ = {
			isa = PBXTargetDependency;
			target = 9833BB6C1A0610AA004E22E5 /* Shiro_100 */;
			targetProxy = 9833BB871A0610AB004E22E5 /* PBXContainerItemProxy */;
		};
/* End PBXTargetDependency section */

/* Begin PBXVariantGroup section */
		9833BB7A1A0610AB004E22E5 /* Main.storyboard */ = {
			isa = PBXVariantGroup;
			children = (
				9833BB7B1A0610AB004E22E5 /* Base */,
			);
			name = Main.storyboard;
			sourceTree = "<group>";
		};
		9833BB7F1A0610AB004E22E5 /* LaunchScreen.xib */ = {
			isa = PBXVariantGroup;
			children = (
				9833BB801A0610AB004E22E5 /* Base */,
			);
			name = LaunchScreen.xib;
			sourceTree = "<group>";
		};
/* End PBXVariantGroup section */

/* Begin XCBuildConfiguration section */
		9833BB8E1A0610AB004E22E5 /* Debug */ = {
			isa = XCBuildConfiguration;
			buildSettings = {
				ALWAYS_SEARCH_USER_PATHS = NO;
				CLANG_CXX_LANGUAGE_STANDARD = "gnu++0x";
				CLANG_CXX_LIBRARY = "libc++";
				CLANG_ENABLE_MODULES = YES;
				CLANG_ENABLE_OBJC_ARC = YES;
				CLANG_WARN_BOOL_CONVERSION = YES;
				CLANG_WARN_CONSTANT_CONVERSION = YES;
				CLANG_WARN_DIRECT_OBJC_ISA_USAGE = YES_ERROR;
				CLANG_WARN_EMPTY_BODY = YES;
				CLANG_WARN_ENUM_CONVERSION = YES;
				CLANG_WARN_INT_CONVERSION = YES;
				CLANG_WARN_OBJC_ROOT_CLASS = YES_ERROR;
				CLANG_WARN_UNREACHABLE_CODE = YES;
				CLANG_WARN__DUPLICATE_METHOD_MATCH = YES;
				"CODE_SIGN_IDENTITY[sdk=iphoneos*]" = "iPhone Developer";
				COPY_PHASE_STRIP = NO;
				ENABLE_STRICT_OBJC_MSGSEND = YES;
				GCC_C_LANGUAGE_STANDARD = gnu99;
				GCC_DYNAMIC_NO_PIC = NO;
				GCC_OPTIMIZATION_LEVEL = 0;
				GCC_PREPROCESSOR_DEFINITIONS = (
					"DEBUG=1",
					"$(inherited)",
				);
				GCC_SYMBOLS_PRIVATE_EXTERN = NO;
				GCC_WARN_64_TO_32_BIT_CONVERSION = YES;
				GCC_WARN_ABOUT_RETURN_TYPE = YES_ERROR;
				GCC_WARN_UNDECLARED_SELECTOR = YES;
				GCC_WARN_UNINITIALIZED_AUTOS = YES_AGGRESSIVE;
				GCC_WARN_UNUSED_FUNCTION = YES;
				GCC_WARN_UNUSED_VARIABLE = YES;
				IPHONEOS_DEPLOYMENT_TARGET = 8.0;
				MTL_ENABLE_DEBUG_INFO = YES;
				ONLY_ACTIVE_ARCH = YES;
				SDKROOT = iphoneos;
				TARGETED_DEVICE_FAMILY = "1,2";
			};
			name = Debug;
		};
		9833BB8F1A0610AB004E22E5 /* Release */ = {
			isa = XCBuildConfiguration;
			buildSettings = {
				ALWAYS_SEARCH_USER_PATHS = NO;
				CLANG_CXX_LANGUAGE_STANDARD = "gnu++0x";
				CLANG_CXX_LIBRARY = "libc++";
				CLANG_ENABLE_MODULES = YES;
				CLANG_ENABLE_OBJC_ARC = YES;
				CLANG_WARN_BOOL_CONVERSION = YES;
				CLANG_WARN_CONSTANT_CONVERSION = YES;
				CLANG_WARN_DIRECT_OBJC_ISA_USAGE = YES_ERROR;
				CLANG_WARN_EMPTY_BODY = YES;
				CLANG_WARN_ENUM_CONVERSION = YES;
				CLANG_WARN_INT_CONVERSION = YES;
				CLANG_WARN_OBJC_ROOT_CLASS = YES_ERROR;
				CLANG_WARN_UNREACHABLE_CODE = YES;
				CLANG_WARN__DUPLICATE_METHOD_MATCH = YES;
				"CODE_SIGN_IDENTITY[sdk=iphoneos*]" = "iPhone Developer";
				COPY_PHASE_STRIP = YES;
				ENABLE_NS_ASSERTIONS = NO;
				ENABLE_STRICT_OBJC_MSGSEND = YES;
				GCC_C_LANGUAGE_STANDARD = gnu99;
				GCC_WARN_64_TO_32_BIT_CONVERSION = YES;
				GCC_WARN_ABOUT_RETURN_TYPE = YES_ERROR;
				GCC_WARN_UNDECLARED_SELECTOR = YES;
				GCC_WARN_UNINITIALIZED_AUTOS = YES_AGGRESSIVE;
				GCC_WARN_UNUSED_FUNCTION = YES;
				GCC_WARN_UNUSED_VARIABLE = YES;
				IPHONEOS_DEPLOYMENT_TARGET = 8.0;
				MTL_ENABLE_DEBUG_INFO = NO;
				SDKROOT = iphoneos;
				TARGETED_DEVICE_FAMILY = "1,2";
				VALIDATE_PRODUCT = YES;
			};
			name = Release;
		};
		9833BB911A0610AB004E22E5 /* Debug */ = {
			isa = XCBuildConfiguration;
			baseConfigurationReference = F6E93AB31ED05D206F808B79 /* Pods.debug.xcconfig */;
			buildSettings = {
				ASSETCATALOG_COMPILER_APPICON_NAME = AppIcon;
				INFOPLIST_FILE = Shiro_100/Info.plist;
				IPHONEOS_DEPLOYMENT_TARGET = 8.0;
				LD_RUNPATH_SEARCH_PATHS = "$(inherited) @executable_path/Frameworks";
				PRODUCT_NAME = "$(TARGET_NAME)";
			};
			name = Debug;
		};
		9833BB921A0610AB004E22E5 /* Release */ = {
			isa = XCBuildConfiguration;
			baseConfigurationReference = 586B6E03A1483F0B6A558EB2 /* Pods.release.xcconfig */;
			buildSettings = {
				ASSETCATALOG_COMPILER_APPICON_NAME = AppIcon;
				INFOPLIST_FILE = Shiro_100/Info.plist;
				IPHONEOS_DEPLOYMENT_TARGET = 8.0;
				LD_RUNPATH_SEARCH_PATHS = "$(inherited) @executable_path/Frameworks";
				PRODUCT_NAME = "$(TARGET_NAME)";
			};
			name = Release;
		};
		9833BB941A0610AB004E22E5 /* Debug */ = {
			isa = XCBuildConfiguration;
			buildSettings = {
				BUNDLE_LOADER = "$(TEST_HOST)";
				FRAMEWORK_SEARCH_PATHS = (
					"$(SDKROOT)/Developer/Library/Frameworks",
					"$(inherited)",
				);
				GCC_PREPROCESSOR_DEFINITIONS = (
					"DEBUG=1",
					"$(inherited)",
				);
				INFOPLIST_FILE = Shiro_100Tests/Info.plist;
				LD_RUNPATH_SEARCH_PATHS = "$(inherited) @executable_path/Frameworks @loader_path/Frameworks";
				PRODUCT_NAME = "$(TARGET_NAME)";
				TEST_HOST = "$(BUILT_PRODUCTS_DIR)/Shiro_100.app/Shiro_100";
			};
			name = Debug;
		};
		9833BB951A0610AB004E22E5 /* Release */ = {
			isa = XCBuildConfiguration;
			buildSettings = {
				BUNDLE_LOADER = "$(TEST_HOST)";
				FRAMEWORK_SEARCH_PATHS = (
					"$(SDKROOT)/Developer/Library/Frameworks",
					"$(inherited)",
				);
				INFOPLIST_FILE = Shiro_100Tests/Info.plist;
				LD_RUNPATH_SEARCH_PATHS = "$(inherited) @executable_path/Frameworks @loader_path/Frameworks";
				PRODUCT_NAME = "$(TARGET_NAME)";
				TEST_HOST = "$(BUILT_PRODUCTS_DIR)/Shiro_100.app/Shiro_100";
			};
			name = Release;
		};
/* End XCBuildConfiguration section */

/* Begin XCConfigurationList section */
		9833BB681A0610AA004E22E5 /* Build configuration list for PBXProject "Shiro_100" */ = {
			isa = XCConfigurationList;
			buildConfigurations = (
				9833BB8E1A0610AB004E22E5 /* Debug */,
				9833BB8F1A0610AB004E22E5 /* Release */,
			);
			defaultConfigurationIsVisible = 0;
			defaultConfigurationName = Release;
		};
		9833BB901A0610AB004E22E5 /* Build configuration list for PBXNativeTarget "Shiro_100" */ = {
			isa = XCConfigurationList;
			buildConfigurations = (
				9833BB911A0610AB004E22E5 /* Debug */,
				9833BB921A0610AB004E22E5 /* Release */,
			);
			defaultConfigurationIsVisible = 0;
			defaultConfigurationName = Release;
		};
		9833BB931A0610AB004E22E5 /* Build configuration list for PBXNativeTarget "Shiro_100Tests" */ = {
			isa = XCConfigurationList;
			buildConfigurations = (
				9833BB941A0610AB004E22E5 /* Debug */,
				9833BB951A0610AB004E22E5 /* Release */,
			);
			defaultConfigurationIsVisible = 0;
			defaultConfigurationName = Release;
		};
/* End XCConfigurationList section */
	};
	rootObject = 9833BB651A0610AA004E22E5 /* Project object */;
}
